
Microsoft Visual Studio Solution File, Format Version 12.00
# Visual Studio Version 17
VisualStudioVersion = 17.0.32126.317
MinimumVisualStudioVersion = 10.0.40219.1
Project("{FAE04EC0-301F-11D3-BF4B-00C04F79EFBC}") = "Ado.net", "Ado.net\Ado.net.csproj", "{FEB0E46D-0F14-412B-9D0F-E7544E6C409E}"
EndProject
Global
	GlobalSection(SolutionConfigurationPlatforms) = preSolution
		Debug|Any CPU = Debug|Any CPU
		Release|Any CPU = Release|Any CPU
	EndGlobalSection
	GlobalSection(ProjectConfigurationPlatforms) = postSolution
		{FEB0E46D-0F14-412B-9D0F-E7544E6C409E}.Debug|Any CPU.ActiveCfg = Debug|Any CPU
		{FEB0E46D-0F14-412B-9D0F-E7544E6C409E}.Debug|Any CPU.Build.0 = Debug|Any CPU
		{FEB0E46D-0F14-412B-9D0F-E7544E6C409E}.Release|Any CPU.ActiveCfg = Release|Any CPU
		{FEB0E46D-0F14-412B-9D0F-E7544E6C409E}.Release|Any CPU.Build.0 = Release|Any CPU
	EndGlobalSection
	GlobalSection(SolutionProperties) = preSolution
		HideSolutionNode = FALSE
	EndGlobalSection
	GlobalSection(ExtensibilityGlobals) = postSolution
		SolutionGuid = {9CD833D9-59D1-482A-811B-F82C9B93440D}
	EndGlobalSection
EndGlobal
